// !$*UTF8*$!
{
	archiveVersion = 1;
	classes = {
	};
	objectVersion = 77;
	objects = {

/* Begin PBXBuildFile section */
		4C5F08BF2EB24EF200FC6AA7 /* README.md in Resources */ = {isa = PBXBuildFile; fileRef = 4C5F08BE2EB24EF200FC6AA7 /* README.md */; };
		4C5F08C12EB24FF600FC6AA7 /* Package.swift.backup in Resources */ = {isa = PBXBuildFile; fileRef = 4C5F08C02EB24FF600FC6AA7 /* Package.swift.backup */; };
/* End PBXBuildFile section */

/* Begin PBXContainerItemProxy section */
		4C16D6552EB22F690034CEC0 /* PBXContainerItemProxy */ = {
			isa = PBXContainerItemProxy;
			containerPortal = 4C16D63F2EB22F670034CEC0 /* Project object */;
			proxyType = 1;
			remoteGlobalIDString = 4C16D6462EB22F670034CEC0;
			remoteInfo = "Markdown Browser";
		};
		4C16D65F2EB22F690034CEC0 /* PBXContainerItemProxy */ = {
			isa = PBXContainerItemProxy;
			containerPortal = 4C16D63F2EB22F670034CEC0 /* Project object */;
			proxyType = 1;
			remoteGlobalIDString = 4C16D6462EB22F670034CEC0;
			remoteInfo = "Markdown Browser";
		};
/* End PBXContainerItemProxy section */

/* Begin PBXFileReference section */
		4C16D6472EB22F670034CEC0 /* Markdown Browser.app */ = {isa = PBXFileReference; explicitFileType = wrapper.application; includeInIndex = 0; path = "Markdown Browser.app"; sourceTree = BUILT_PRODUCTS_DIR; };
		4C16D6542EB22F690034CEC0 /* Markdown BrowserTests.xctest */ = {isa = PBXFileReference; explicitFileType = wrapper.cfbundle; includeInIndex = 0; path = "Markdown BrowserTests.xctest"; sourceTree = BUILT_PRODUCTS_DIR; };
		4C16D65E2EB22F690034CEC0 /* Markdown BrowserUITests.xctest */ = {isa = PBXFileReference; explicitFileType = wrapper.cfbundle; includeInIndex = 0; path = "Markdown BrowserUITests.xctest"; sourceTree = BUILT_PRODUCTS_DIR; };
		4C5F08BE2EB24EF200FC6AA7 /* README.md */ = {isa = PBXFileReference; lastKnownFileType = net.daringfireball.markdown; path = README.md; sourceTree = "<group>"; };
		4C5F08C02EB24FF600FC6AA7 /* Package.swift.backup */ = {isa = PBXFileReference; lastKnownFileType = text; path = Package.swift.backup; sourceTree = "<group>"; };
/* End PBXFileReference section */

/* Begin PBXFileSystemSynchronizedRootGroup section */
		4C16D6492EB22F670034CEC0 /* Markdown Browser */ = {
			isa = PBXFileSystemSynchronizedRootGroup;
			path = "Markdown Browser";
			sourceTree = "<group>";
		};
		4C16D6572EB22F690034CEC0 /* Markdown BrowserTests */ = {
			isa = PBXFileSystemSynchronizedRootGroup;
			path = "Markdown BrowserTests";
			sourceTree = "<group>";
		};
		4C16D6612EB22F690034CEC0 /* Markdown BrowserUITests */ = {
			isa = PBXFileSystemSynchronizedRootGroup;
			path = "Markdown BrowserUITests";
			sourceTree = "<group>";
		};
/* End PBXFileSystemSynchronizedRootGroup section */

/* Begin PBXFrameworksBuildPhase section */
		4C16D6442EB22F670034CEC0 /* Frameworks */ = {
			isa = PBXFrameworksBuildPhase;
			buildActionMask = 2147483647;
			files = (
			);
			runOnlyForDeploymentPostprocessing = 0;
		};
		4C16D6512EB22F690034CEC0 /* Frameworks */ = {
			isa = PBXFrameworksBuildPhase;
			buildActionMask = 2147483647;
			files = (
			);
			runOnlyForDeploymentPostprocessing = 0;
		};
		4C16D65B2EB22F690034CEC0 /* Frameworks */ = {
			isa = PBXFrameworksBuildPhase;
			buildActionMask = 2147483647;
			files = (
			);
			runOnlyForDeploymentPostprocessing = 0;
		};
/* End PBXFrameworksBuildPhase section */

/* Begin PBXGroup section */
		4C16D63E2EB22F670034CEC0 = {
			isa = PBXGroup;
			children = (
				4C16D6492EB22F670034CEC0 /* Markdown Browser */,
				4C16D6572EB22F690034CEC0 /* Markdown BrowserTests */,
				4C16D6612EB22F690034CEC0 /* Markdown BrowserUITests */,
				4C16D6482EB22F670034CEC0 /* Products */,
				4C5F08BE2EB24EF200FC6AA7 /* README.md */,
				4C5F08C02EB24FF600FC6AA7 /* Package.swift.backup */,
			);
			sourceTree = "<group>";
		};
		4C16D6482EB22F670034CEC0 /* Products */ = {
			isa = PBXGroup;
			children = (
				4C16D6472EB22F670034CEC0 /* Markdown Browser.app */,
				4C16D6542EB22F690034CEC0 /* Markdown BrowserTests.xctest */,
				4C16D65E2EB22F690034CEC0 /* Markdown BrowserUITests.xctest */,
			);
			name = Products;
			sourceTree = "<group>";
		};
/* End PBXGroup section */

/* Begin PBXNativeTarget section */
		4C16D6462EB22F670034CEC0 /* Markdown Browser */ = {
			isa = PBXNativeTarget;
			buildConfigurationList = 4C16D6682EB22F690034CEC0 /* Build configuration list for PBXNativeTarget "Markdown Browser" */;
			buildPhases = (
				4C16D6432EB22F670034CEC0 /* Sources */,
				4C16D6442EB22F670034CEC0 /* Frameworks */,
				4C16D6452EB22F670034CEC0 /* Resources */,
			);
			buildRules = (
			);
			dependencies = (
			);
			fileSystemSynchronizedGroups = (
				4C16D6492EB22F670034CEC0 /* Markdown Browser */,
			);
			name = "Markdown Browser";
			packageProductDependencies = (
			);
			productName = "Markdown Browser";
			productReference = 4C16D6472EB22F670034CEC0 /* Markdown Browser.app */;
			productType = "com.apple.product-type.application";
		};
		4C16D6532EB22F690034CEC0 /* Markdown BrowserTests */ = {
			isa = PBXNativeTarget;
			buildConfigurationList = 4C16D66B2EB22F690034CEC0 /* Build configuration list for PBXNativeTarget "Markdown BrowserTests" */;
			buildPhases = (
				4C16D6502EB22F690034CEC0 /* Sources */,
				4C16D6512EB22F690034CEC0 /* Frameworks */,
				4C16D6522EB22F690034CEC0 /* Resources */,
			);
			buildRules = (
			);
			dependencies = (
				4C16D6562EB22F690034CEC0 /* PBXTargetDependency */,
			);
			fileSystemSynchronizedGroups = (
				4C16D6572EB22F690034CEC0 /* Markdown BrowserTests */,
			);
			name = "Markdown BrowserTests";
			packageProductDependencies = (
			);
			productName = "Markdown BrowserTests";
			productReference = 4C16D6542EB22F690034CEC0 /* Markdown BrowserTests.xctest */;
			productType = "com.apple.product-type.bundle.unit-test";
		};
		4C16D65D2EB22F690034CEC0 /* Markdown BrowserUITests */ = {
			isa = PBXNativeTarget;
			buildConfigurationList = 4C16D66E2EB22F690034CEC0 /* Build configuration list for PBXNativeTarget "Markdown BrowserUITests" */;
			buildPhases = (
				4C16D65A2EB22F690034CEC0 /* Sources */,
				4C16D65B2EB22F690034CEC0 /* Frameworks */,
				4C16D65C2EB22F690034CEC0 /* Resources */,
			);
			buildRules = (
			);
			dependencies = (
				4C16D6602EB22F690034CEC0 /* PBXTargetDependency */,
			);
			fileSystemSynchronizedGroups = (
				4C16D6612EB22F690034CEC0 /* Markdown BrowserUITests */,
			);
			name = "Markdown BrowserUITests";
			packageProductDependencies = (
			);
			productName = "Markdown BrowserUITests";
			productReference = 4C16D65E2EB22F690034CEC0 /* Markdown BrowserUITests.xctest */;
			productType = "com.apple.product-type.bundle.ui-testing";
		};
/* End PBXNativeTarget section */

/* Begin PBXProject section */
		4C16D63F2EB22F670034CEC0 /* Project object */ = {
			isa = PBXProject;
			attributes = {
				BuildIndependentTargetsInParallel = 1;
				LastSwiftUpdateCheck = 2600;
				LastUpgradeCheck = 2600;
				TargetAttributes = {
					4C16D6462EB22F670034CEC0 = {
						CreatedOnToolsVersion = 26.0.1;
					};
					4C16D6532EB22F690034CEC0 = {
						CreatedOnToolsVersion = 26.0.1;
						TestTargetID = 4C16D6462EB22F670034CEC0;
					};
					4C16D65D2EB22F690034CEC0 = {
						CreatedOnToolsVersion = 26.0.1;
						TestTargetID = 4C16D6462EB22F670034CEC0;
					};
				};
			};
			buildConfigurationList = 4C16D6422EB22F670034CEC0 /* Build configuration list for PBXProject "Markdown Browser" */;
			developmentRegion = en;
			hasScannedForEncodings = 0;
			knownRegions = (
				en,
				Base,
			);
			mainGroup = 4C16D63E2EB22F670034CEC0;
			minimizedProjectReferenceProxies = 1;
			preferredProjectObjectVersion = 77;
			productRefGroup = 4C16D6482EB22F670034CEC0 /* Products */;
			projectDirPath = "";
			projectRoot = "";
			targets = (
				4C16D6462EB22F670034CEC0 /* Markdown Browser */,
				4C16D6532EB22F690034CEC0 /* Markdown BrowserTests */,
				4C16D65D2EB22F690034CEC0 /* Markdown BrowserUITests */,
			);
		};
/* End PBXProject section */

/* Begin PBXResourcesBuildPhase section */
		4C16D6452EB22F670034CEC0 /* Resources */ = {
			isa = PBXResourcesBuildPhase;
			buildActionMask = 2147483647;
			files = (
				4C5F08C12EB24FF600FC6AA7 /* Package.swift.backup in Resources */,
				4C5F08BF2EB24EF200FC6AA7 /* README.md in Resources */,
			);
			runOnlyForDeploymentPostprocessing = 0;
		};
		4C16D6522EB22F690034CEC0 /* Resources */ = {
			isa = PBXResourcesBuildPhase;
			buildActionMask = 2147483647;
			files = (
			);
			runOnlyForDeploymentPostprocessing = 0;
		};
		4C16D65C2EB22F690034CEC0 /* Resources */ = {
			isa = PBXResourcesBuildPhase;
			buildActionMask = 2147483647;
			files = (
			);
			runOnlyForDeploymentPostprocessing = 0;
		};
/* End PBXResourcesBuildPhase section */

/* Begin PBXSourcesBuildPhase section */
		4C16D6432EB22F670034CEC0 /* Sources */ = {
			isa = PBXSourcesBuildPhase;
			buildActionMask = 2147483647;
			files = (
			);
			runOnlyForDeploymentPostprocessing = 0;
		};
		4C16D6502EB22F690034CEC0 /* Sources */ = {
			isa = PBXSourcesBuildPhase;
			buildActionMask = 2147483647;
			files = (
			);
			runOnlyForDeploymentPostprocessing = 0;
		};
		4C16D65A2EB22F690034CEC0 /* Sources */ = {
			isa = PBXSourcesBuildPhase;
			buildActionMask = 2147483647;
			files = (
			);
			runOnlyForDeploymentPostprocessing = 0;
		};
/* End PBXSourcesBuildPhase section */

/* Begin PBXTargetDependency section */
		4C16D6562EB22F690034CEC0 /* PBXTargetDependency */ = {
			isa = PBXTargetDependency;
			target = 4C16D6462EB22F670034CEC0 /* Markdown Browser */;
			targetProxy = 4C16D6552EB22F690034CEC0 /* PBXContainerItemProxy */;
		};
		4C16D6602EB22F690034CEC0 /* PBXTargetDependency */ = {
			isa = PBXTargetDependency;
			target = 4C16D6462EB22F670034CEC0 /* Markdown Browser */;
			targetProxy = 4C16D65F2EB22F690034CEC0 /* PBXContainerItemProxy */;
		};
/* End PBXTargetDependency section */

/* Begin XCBuildConfiguration section */
		4C16D6662EB22F690034CEC0 /* Debug */ = {
			isa = XCBuildConfiguration;
			buildSettings = {
				ALWAYS_SEARCH_USER_PATHS = NO;
				ASSETCATALOG_COMPILER_GENERATE_SWIFT_ASSET_SYMBOL_EXTENSIONS = YES;
				CLANG_ANALYZER_NONNULL = YES;
				CLANG_ANALYZER_NUMBER_OBJECT_CONVERSION = YES_AGGRESSIVE;
				CLANG_CXX_LANGUAGE_STANDARD = "gnu++20";
				CLANG_ENABLE_MODULES = YES;
				CLANG_ENABLE_OBJC_ARC = YES;
				CLANG_ENABLE_OBJC_WEAK = YES;
				CLANG_WARN_BLOCK_CAPTURE_AUTORELEASING = YES;
				CLANG_WARN_BOOL_CONVERSION = YES;
				CLANG_WARN_COMMA = YES;
				CLANG_WARN_CONSTANT_CONVERSION = YES;
				CLANG_WARN_DEPRECATED_OBJC_IMPLEMENTATIONS = YES;
				CLANG_WARN_DIRECT_OBJC_ISA_USAGE = YES_ERROR;
				CLANG_WARN_DOCUMENTATION_COMMENTS = YES;
				CLANG_WARN_EMPTY_BODY = YES;
				CLANG_WARN_ENUM_CONVERSION = YES;
				CLANG_WARN_INFINITE_RECURSION = YES;
				CLANG_WARN_INT_CONVERSION = YES;
				CLANG_WARN_NON_LITERAL_NULL_CONVERSION = YES;
				CLANG_WARN_OBJC_IMPLICIT_RETAIN_SELF = YES;
				CLANG_WARN_OBJC_LITERAL_CONVERSION = YES;
				CLANG_WARN_OBJC_ROOT_CLASS = YES_ERROR;
				CLANG_WARN_QUOTED_INCLUDE_IN_FRAMEWORK_HEADER = YES;
				CLANG_WARN_RANGE_LOOP_ANALYSIS = YES;
				CLANG_WARN_STRICT_PROTOTYPES = YES;
				CLANG_WARN_SUSPICIOUS_MOVE = YES;
				CLANG_WARN_UNGUARDED_AVAILABILITY = YES_AGGRESSIVE;
				CLANG_WARN_UNREACHABLE_CODE = YES;
				CLANG_WARN__DUPLICATE_METHOD_MATCH = YES;
				COPY_PHASE_STRIP = NO;
				DEBUG_INFORMATION_FORMAT = dwarf;
				DEVELOPMENT_TEAM = 3F274MB2RL;
				ENABLE_STRICT_OBJC_MSGSEND = YES;
				ENABLE_TESTABILITY = YES;
				ENABLE_USER_SCRIPT_SANDBOXING = YES;
				GCC_C_LANGUAGE_STANDARD = gnu17;
				GCC_DYNAMIC_NO_PIC = NO;
				GCC_NO_COMMON_BLOCKS = YES;
				GCC_OPTIMIZATION_LEVEL = 0;
				GCC_PREPROCESSOR_DEFINITIONS = (
					"DEBUG=1",
					"$(inherited)",
				);
				GCC_WARN_64_TO_32_BIT_CONVERSION = YES;
				GCC_WARN_ABOUT_RETURN_TYPE = YES_ERROR;
				GCC_WARN_UNDECLARED_SELECTOR = YES;
				GCC_WARN_UNINITIALIZED_AUTOS = YES_AGGRESSIVE;
				GCC_WARN_UNUSED_FUNCTION = YES;
				GCC_WARN_UNUSED_VARIABLE = YES;
				LOCALIZATION_PREFERS_STRING_CATALOGS = YES;
				MACOSX_DEPLOYMENT_TARGET = 26.0;
				MTL_ENABLE_DEBUG_INFO = INCLUDE_SOURCE;
				MTL_FAST_MATH = YES;
				ONLY_ACTIVE_ARCH = YES;
				SDKROOT = macosx;
				SWIFT_ACTIVE_COMPILATION_CONDITIONS = "DEBUG $(inherited)";
				SWIFT_OPTIMIZATION_LEVEL = "-Onone";
			};
			name = Debug;
		};
		4C16D6672EB22F690034CEC0 /* Release */ = {
			isa = XCBuildConfiguration;
			buildSettings = {
				ALWAYS_SEARCH_USER_PATHS = NO;
				ASSETCATALOG_COMPILER_GENERATE_SWIFT_ASSET_SYMBOL_EXTENSIONS = YES;
				CLANG_ANALYZER_NONNULL = YES;
				CLANG_ANALYZER_NUMBER_OBJECT_CONVERSION = YES_AGGRESSIVE;
				CLANG_CXX_LANGUAGE_STANDARD = "gnu++20";
				CLANG_ENABLE_MODULES = YES;
				CLANG_ENABLE_OBJC_ARC = YES;
				CLANG_ENABLE_OBJC_WEAK = YES;
				CLANG_WARN_BLOCK_CAPTURE_AUTORELEASING = YES;
				CLANG_WARN_BOOL_CONVERSION = YES;
				CLANG_WARN_COMMA = YES;
				CLANG_WARN_CONSTANT_CONVERSION = YES;
				CLANG_WARN_DEPRECATED_OBJC_IMPLEMENTATIONS = YES;
				CLANG_WARN_DIRECT_OBJC_ISA_USAGE = YES_ERROR;
				CLANG_WARN_DOCUMENTATION_COMMENTS = YES;
				CLANG_WARN_EMPTY_BODY = YES;
				CLANG_WARN_ENUM_CONVERSION = YES;
				CLANG_WARN_INFINITE_RECURSION = YES;
				CLANG_WARN_INT_CONVERSION = YES;
				CLANG_WARN_NON_LITERAL_NULL_CONVERSION = YES;
				CLANG_WARN_OBJC_IMPLICIT_RETAIN_SELF = YES;
				CLANG_WARN_OBJC_LITERAL_CONVERSION = YES;
				CLANG_WARN_OBJC_ROOT_CLASS = YES_ERROR;
				CLANG_WARN_QUOTED_INCLUDE_IN_FRAMEWORK_HEADER = YES;
				CLANG_WARN_RANGE_LOOP_ANALYSIS = YES;
				CLANG_WARN_STRICT_PROTOTYPES = YES;
				CLANG_WARN_SUSPICIOUS_MOVE = YES;
				CLANG_WARN_UNGUARDED_AVAILABILITY = YES_AGGRESSIVE;
				CLANG_WARN_UNREACHABLE_CODE = YES;
				CLANG_WARN__DUPLICATE_METHOD_MATCH = YES;
				COPY_PHASE_STRIP = NO;
				DEBUG_INFORMATION_FORMAT = "dwarf-with-dsym";
				DEVELOPMENT_TEAM = 3F274MB2RL;
				ENABLE_NS_ASSERTIONS = NO;
				ENABLE_STRICT_OBJC_MSGSEND = YES;
				ENABLE_USER_SCRIPT_SANDBOXING = YES;
				GCC_C_LANGUAGE_STANDARD = gnu17;
				GCC_NO_COMMON_BLOCKS = YES;
				GCC_WARN_64_TO_32_BIT_CONVERSION = YES;
				GCC_WARN_ABOUT_RETURN_TYPE = YES_ERROR;
				GCC_WARN_UNDECLARED_SELECTOR = YES;
				GCC_WARN_UNINITIALIZED_AUTOS = YES_AGGRESSIVE;
				GCC_WARN_UNUSED_FUNCTION = YES;
				GCC_WARN_UNUSED_VARIABLE = YES;
				LOCALIZATION_PREFERS_STRING_CATALOGS = YES;
				MACOSX_DEPLOYMENT_TARGET = 26.0;
				MTL_ENABLE_DEBUG_INFO = NO;
				MTL_FAST_MATH = YES;
				SDKROOT = macosx;
				SWIFT_COMPILATION_MODE = wholemodule;
			};
			name = Release;
		};
		4C16D6692EB22F690034CEC0 /* Debug */ = {
			isa = XCBuildConfiguration;
			buildSettings = {
				ASSETCATALOG_COMPILER_APPICON_NAME = AppIcon;
				ASSETCATALOG_COMPILER_GLOBAL_ACCENT_COLOR_NAME = AccentColor;
				CODE_SIGN_STYLE = Automatic;
				COMBINE_HIDPI_IMAGES = YES;
				CURRENT_PROJECT_VERSION = 1;
				DEVELOPMENT_TEAM = G7QN27J5NY;
				ENABLE_APP_SANDBOX = YES;
				ENABLE_HARDENED_RUNTIME = YES;
				ENABLE_INCOMING_NETWORK_CONNECTIONS = YES;
				ENABLE_OUTGOING_NETWORK_CONNECTIONS = YES;
				ENABLE_PREVIEWS = YES;
				ENABLE_RESOURCE_ACCESS_AUDIO_INPUT = NO;
				ENABLE_RESOURCE_ACCESS_BLUETOOTH = NO;
				ENABLE_RESOURCE_ACCESS_CALENDARS = NO;
				ENABLE_RESOURCE_ACCESS_CAMERA = NO;
				ENABLE_RESOURCE_ACCESS_CONTACTS = NO;
				ENABLE_RESOURCE_ACCESS_LOCATION = NO;
				ENABLE_RESOURCE_ACCESS_PRINTING = NO;
				ENABLE_RESOURCE_ACCESS_USB = NO;
				ENABLE_USER_SELECTED_FILES = readonly;
				GENERATE_INFOPLIST_FILE = YES;
				INFOPLIST_KEY_LSApplicationCategoryType = "public.app-category.developer-tools";
				INFOPLIST_KEY_NSHumanReadableCopyright = "";
				LD_RUNPATH_SEARCH_PATHS = (
					"$(inherited)",
					"@executable_path/../Frameworks",
				);
				MACOSX_DEPLOYMENT_TARGET = 11.5;
				MARKETING_VERSION = 1.0;
				PRODUCT_BUNDLE_IDENTIFIER = "com.markdownbrowser.Markdown-Browser";
				PRODUCT_NAME = "$(TARGET_NAME)";
				REGISTER_APP_GROUPS = YES;
				STRING_CATALOG_GENERATE_SYMBOLS = YES;
				SWIFT_APPROACHABLE_CONCURRENCY = YES;
				SWIFT_DEFAULT_ACTOR_ISOLATION = MainActor;
				SWIFT_EMIT_LOC_STRINGS = YES;
				SWIFT_UPCOMING_FEATURE_MEMBER_IMPORT_VISIBILITY = YES;
				SWIFT_VERSION = 5.0;
			};
			name = Debug;
		};
		4C16D66A2EB22F690034CEC0 /* Release */ = {
			isa = XCBuildConfiguration;
			buildSettings = {
				ASSETCATALOG_COMPILER_APPICON_NAME = AppIcon;
				ASSETCATALOG_COMPILER_GLOBAL_ACCENT_COLOR_NAME = AccentColor;
				CODE_SIGN_STYLE = Automatic;
				COMBINE_HIDPI_IMAGES = YES;
				CURRENT_PROJECT_VERSION = 1;
				DEVELOPMENT_TEAM = G7QN27J5NY;
				ENABLE_APP_SANDBOX = YES;
				ENABLE_HARDENED_RUNTIME = YES;
				ENABLE_INCOMING_NETWORK_CONNECTIONS = YES;
				ENABLE_OUTGOING_NETWORK_CONNECTIONS = YES;
				ENABLE_PREVIEWS = YES;
				ENABLE_RESOURCE_ACCESS_AUDIO_INPUT = NO;
				ENABLE_RESOURCE_ACCESS_BLUETOOTH = NO;
				ENABLE_RESOURCE_ACCESS_CALENDARS = NO;
				ENABLE_RESOURCE_ACCESS_CAMERA = NO;
				ENABLE_RESOURCE_ACCESS_CONTACTS = NO;
				ENABLE_RESOURCE_ACCESS_LOCATION = NO;
				ENABLE_RESOURCE_ACCESS_PRINTING = NO;
				ENABLE_RESOURCE_ACCESS_USB = NO;
				ENABLE_USER_SELECTED_FILES = readonly;
				GENERATE_INFOPLIST_FILE = YES;
				INFOPLIST_KEY_LSApplicationCategoryType = "public.app-category.developer-tools";
				INFOPLIST_KEY_NSHumanReadableCopyright = "";
				LD_RUNPATH_SEARCH_PATHS = (
					"$(inherited)",
					"@executable_path/../Frameworks",
				);
				MACOSX_DEPLOYMENT_TARGET = 11.5;
				MARKETING_VERSION = 1.0;
				PRODUCT_BUNDLE_IDENTIFIER = "com.markdownbrowser.Markdown-Browser";
				PRODUCT_NAME = "$(TARGET_NAME)";
				REGISTER_APP_GROUPS = YES;
				STRING_CATALOG_GENERATE_SYMBOLS = YES;
				SWIFT_APPROACHABLE_CONCURRENCY = YES;
				SWIFT_DEFAULT_ACTOR_ISOLATION = MainActor;
				SWIFT_EMIT_LOC_STRINGS = YES;
				SWIFT_UPCOMING_FEATURE_MEMBER_IMPORT_VISIBILITY = YES;
				SWIFT_VERSION = 5.0;
			};
			name = Release;
		};
		4C16D66C2EB22F690034CEC0 /* Debug */ = {
			isa = XCBuildConfiguration;
			buildSettings = {
				BUNDLE_LOADER = "$(TEST_HOST)";
				CODE_SIGN_STYLE = Automatic;
				CURRENT_PROJECT_VERSION = 1;
				DEVELOPMENT_TEAM = G7QN27J5NY;
				GENERATE_INFOPLIST_FILE = YES;
				MACOSX_DEPLOYMENT_TARGET = 26.0;
				MARKETING_VERSION = 1.0;
				PRODUCT_BUNDLE_IDENTIFIER = "com.markdownbrowser.Markdown-BrowserTests";
				PRODUCT_NAME = "$(TARGET_NAME)";
				STRING_CATALOG_GENERATE_SYMBOLS = NO;
				SWIFT_APPROACHABLE_CONCURRENCY = YES;
				SWIFT_EMIT_LOC_STRINGS = NO;
				SWIFT_UPCOMING_FEATURE_MEMBER_IMPORT_VISIBILITY = YES;
				SWIFT_VERSION = 5.0;
				TEST_HOST = "$(BUILT_PRODUCTS_DIR)/Markdown Browser.app/$(BUNDLE_EXECUTABLE_FOLDER_PATH)/Markdown Browser";
			};
			name = Debug;
		};
		4C16D66D2EB22F690034CEC0 /* Release */ = {
			isa = XCBuildConfiguration;
			buildSettings = {
				BUNDLE_LOADER = "$(TEST_HOST)";
				CODE_SIGN_STYLE = Automatic;
				CURRENT_PROJECT_VERSION = 1;
				DEVELOPMENT_TEAM = G7QN27J5NY;
				GENERATE_INFOPLIST_FILE = YES;
				MACOSX_DEPLOYMENT_TARGET = 26.0;
				MARKETING_VERSION = 1.0;
				PRODUCT_BUNDLE_IDENTIFIER = "com.markdownbrowser.Markdown-BrowserTests";
				PRODUCT_NAME = "$(TARGET_NAME)";
				STRING_CATALOG_GENERATE_SYMBOLS = NO;
				SWIFT_APPROACHABLE_CONCURRENCY = YES;
				SWIFT_EMIT_LOC_STRINGS = NO;
				SWIFT_UPCOMING_FEATURE_MEMBER_IMPORT_VISIBILITY = YES;
				SWIFT_VERSION = 5.0;
				TEST_HOST = "$(BUILT_PRODUCTS_DIR)/Markdown Browser.app/$(BUNDLE_EXECUTABLE_FOLDER_PATH)/Markdown Browser";
			};
			name = Release;
		};
		4C16D66F2EB22F690034CEC0 /* Debug */ = {
			isa = XCBuildConfiguration;
			buildSettings = {
				CODE_SIGN_STYLE = Automatic;
				CURRENT_PROJECT_VERSION = 1;
				DEVELOPMENT_TEAM = G7QN27J5NY;
				GENERATE_INFOPLIST_FILE = YES;
				MARKETING_VERSION = 1.0;
				PRODUCT_BUNDLE_IDENTIFIER = "com.markdownbrowser.Markdown-BrowserUITests";
				PRODUCT_NAME = "$(TARGET_NAME)";
				STRING_CATALOG_GENERATE_SYMBOLS = NO;
				SWIFT_APPROACHABLE_CONCURRENCY = YES;
				SWIFT_EMIT_LOC_STRINGS = NO;
				SWIFT_UPCOMING_FEATURE_MEMBER_IMPORT_VISIBILITY = YES;
				SWIFT_VERSION = 5.0;
				TEST_TARGET_NAME = "Markdown Browser";
			};
			name = Debug;
		};
		4C16D6702EB22F690034CEC0 /* Release */ = {
			isa = XCBuildConfiguration;
			buildSettings = {
				CODE_SIGN_STYLE = Automatic;
				CURRENT_PROJECT_VERSION = 1;
				DEVELOPMENT_TEAM = G7QN27J5NY;
				GENERATE_INFOPLIST_FILE = YES;
				MARKETING_VERSION = 1.0;
				PRODUCT_BUNDLE_IDENTIFIER = "com.markdownbrowser.Markdown-BrowserUITests";
				PRODUCT_NAME = "$(TARGET_NAME)";
				STRING_CATALOG_GENERATE_SYMBOLS = NO;
				SWIFT_APPROACHABLE_CONCURRENCY = YES;
				SWIFT_EMIT_LOC_STRINGS = NO;
				SWIFT_UPCOMING_FEATURE_MEMBER_IMPORT_VISIBILITY = YES;
				SWIFT_VERSION = 5.0;
				TEST_TARGET_NAME = "Markdown Browser";
			};
			name = Release;
		};
/* End XCBuildConfiguration section */

/* Begin XCConfigurationList section */
		4C16D6422EB22F670034CEC0 /* Build configuration list for PBXProject "Markdown Browser" */ = {
			isa = XCConfigurationList;
			buildConfigurations = (
				4C16D6662EB22F690034CEC0 /* Debug */,
				4C16D6672EB22F690034CEC0 /* Release */,
			);
			defaultConfigurationIsVisible = 0;
			defaultConfigurationName = Release;
		};
		4C16D6682EB22F690034CEC0 /* Build configuration list for PBXNativeTarget "Markdown Browser" */ = {
			isa = XCConfigurationList;
			buildConfigurations = (
				4C16D6692EB22F690034CEC0 /* Debug */,
				4C16D66A2EB22F690034CEC0 /* Release */,
			);
			defaultConfigurationIsVisible = 0;
			defaultConfigurationName = Release;
		};
		4C16D66B2EB22F690034CEC0 /* Build configuration list for PBXNativeTarget "Markdown BrowserTests" */ = {
			isa = XCConfigurationList;
			buildConfigurations = (
				4C16D66C2EB22F690034CEC0 /* Debug */,
				4C16D66D2EB22F690034CEC0 /* Release */,
			);
			defaultConfigurationIsVisible = 0;
			defaultConfigurationName = Release;
		};
		4C16D66E2EB22F690034CEC0 /* Build configuration list for PBXNativeTarget "Markdown BrowserUITests" */ = {
			isa = XCConfigurationList;
			buildConfigurations = (
				4C16D66F2EB22F690034CEC0 /* Debug */,
				4C16D6702EB22F690034CEC0 /* Release */,
			);
			defaultConfigurationIsVisible = 0;
			defaultConfigurationName = Release;
		};
/* End XCConfigurationList section */
	};
	rootObject = 4C16D63F2EB22F670034CEC0 /* Project object */;
}
